
Microsoft Visual Studio Solution File, Format Version 12.00
# Visual Studio Version 17
VisualStudioVersion = 17.5.33627.172
MinimumVisualStudioVersion = 10.0.40219.1
Project("{FAE04EC0-301F-11D3-BF4B-00C04F79EFBC}") = "VideoKelimeArama", "VideoKelimeArama\VideoKelimeArama.csproj", "{FC67DF72-8842-4927-8011-0571E807E459}"
EndProject
Global
	GlobalSection(SolutionConfigurationPlatforms) = preSolution
		Debug|Any CPU = Debug|Any CPU
		Release|Any CPU = Release|Any CPU
	EndGlobalSection
	GlobalSection(ProjectConfigurationPlatforms) = postSolution
		{FC67DF72-8842-4927-8011-0571E807E459}.Debug|Any CPU.ActiveCfg = Debug|Any CPU
		{FC67DF72-8842-4927-8011-0571E807E459}.Debug|Any CPU.Build.0 = Debug|Any CPU
		{FC67DF72-8842-4927-8011-0571E807E459}.Release|Any CPU.ActiveCfg = Release|Any CPU
		{FC67DF72-8842-4927-8011-0571E807E459}.Release|Any CPU.Build.0 = Release|Any CPU
	EndGlobalSection
	GlobalSection(SolutionProperties) = preSolution
		HideSolutionNode = FALSE
	EndGlobalSection
	GlobalSection(ExtensibilityGlobals) = postSolution
		SolutionGuid = {8913FC0A-358B-4CD8-A284-9010E604A042}
	EndGlobalSection
EndGlobal
